
Microsoft Visual Studio Solution File, Format Version 12.00
# Visual Studio Version 16
VisualStudioVersion = 16.0.32901.82
MinimumVisualStudioVersion = 10.0.40219.1
Project("{9A19103F-16F7-4668-BE54-9A1E7A4F7556}") = "Kamğintro", "Kamğintro\Kamğintro.csproj", "{2A36A2A0-198A-4C4D-A37E-3A6188F6AF6C}"
EndProject
Project("{9A19103F-16F7-4668-BE54-9A1E7A4F7556}") = "Donguler", "Donguler\Donguler.csproj", "{28FBA7FF-E211-4A63-97FB-F8B89696D3AD}"
EndProject
Project("{9A19103F-16F7-4668-BE54-9A1E7A4F7556}") = "ClassIntro", "ClassIntro\ClassIntro.csproj", "{F8AAFB49-34CD-4854-AC92-0AF8D64927C4}"
EndProject
Project("{9A19103F-16F7-4668-BE54-9A1E7A4F7556}") = "Metotlar", "Metotlar\Metotlar.csproj", "{C361709B-1407-4D56-8DBF-339DF1175D8D}"
EndProject
Project("{FAE04EC0-301F-11D3-BF4B-00C04F79EFBC}") = "Matematik", "Matematik\Matematik.csproj", "{21F46AC8-66C9-4601-8EFB-BCB09F93DCFC}"
EndProject
Project("{FAE04EC0-301F-11D3-BF4B-00C04F79EFBC}") = "DegerVeReferansTipler", "DegerVeReferansTipler\DegerVeReferansTipler.csproj", "{6CBEE748-7A31-46F5-A257-F09821EEA535}"
EndProject
Global
	GlobalSection(SolutionConfigurationPlatforms) = preSolution
		Debug|Any CPU = Debug|Any CPU
		Release|Any CPU = Release|Any CPU
	EndGlobalSection
	GlobalSection(ProjectConfigurationPlatforms) = postSolution
		{2A36A2A0-198A-4C4D-A37E-3A6188F6AF6C}.Debug|Any CPU.ActiveCfg = Debug|Any CPU
		{2A36A2A0-198A-4C4D-A37E-3A6188F6AF6C}.Debug|Any CPU.Build.0 = Debug|Any CPU
		{2A36A2A0-198A-4C4D-A37E-3A6188F6AF6C}.Release|Any CPU.ActiveCfg = Release|Any CPU
		{2A36A2A0-198A-4C4D-A37E-3A6188F6AF6C}.Release|Any CPU.Build.0 = Release|Any CPU
		{28FBA7FF-E211-4A63-97FB-F8B89696D3AD}.Debug|Any CPU.ActiveCfg = Debug|Any CPU
		{28FBA7FF-E211-4A63-97FB-F8B89696D3AD}.Debug|Any CPU.Build.0 = Debug|Any CPU
		{28FBA7FF-E211-4A63-97FB-F8B89696D3AD}.Release|Any CPU.ActiveCfg = Release|Any CPU
		{28FBA7FF-E211-4A63-97FB-F8B89696D3AD}.Release|Any CPU.Build.0 = Release|Any CPU
		{F8AAFB49-34CD-4854-AC92-0AF8D64927C4}.Debug|Any CPU.ActiveCfg = Debug|Any CPU
		{F8AAFB49-34CD-4854-AC92-0AF8D64927C4}.Debug|Any CPU.Build.0 = Debug|Any CPU
		{F8AAFB49-34CD-4854-AC92-0AF8D64927C4}.Release|Any CPU.ActiveCfg = Release|Any CPU
		{F8AAFB49-34CD-4854-AC92-0AF8D64927C4}.Release|Any CPU.Build.0 = Release|Any CPU
		{C361709B-1407-4D56-8DBF-339DF1175D8D}.Debug|Any CPU.ActiveCfg = Debug|Any CPU
		{C361709B-1407-4D56-8DBF-339DF1175D8D}.Debug|Any CPU.Build.0 = Debug|Any CPU
		{C361709B-1407-4D56-8DBF-339DF1175D8D}.Release|Any CPU.ActiveCfg = Release|Any CPU
		{C361709B-1407-4D56-8DBF-339DF1175D8D}.Release|Any CPU.Build.0 = Release|Any CPU
		{21F46AC8-66C9-4601-8EFB-BCB09F93DCFC}.Debug|Any CPU.ActiveCfg = Debug|Any CPU
		{21F46AC8-66C9-4601-8EFB-BCB09F93DCFC}.Debug|Any CPU.Build.0 = Debug|Any CPU
		{21F46AC8-66C9-4601-8EFB-BCB09F93DCFC}.Release|Any CPU.ActiveCfg = Release|Any CPU
		{21F46AC8-66C9-4601-8EFB-BCB09F93DCFC}.Release|Any CPU.Build.0 = Release|Any CPU
		{6CBEE748-7A31-46F5-A257-F09821EEA535}.Debug|Any CPU.ActiveCfg = Debug|Any CPU
		{6CBEE748-7A31-46F5-A257-F09821EEA535}.Debug|Any CPU.Build.0 = Debug|Any CPU
		{6CBEE748-7A31-46F5-A257-F09821EEA535}.Release|Any CPU.ActiveCfg = Release|Any CPU
		{6CBEE748-7A31-46F5-A257-F09821EEA535}.Release|Any CPU.Build.0 = Release|Any CPU
	EndGlobalSection
	GlobalSection(SolutionProperties) = preSolution
		HideSolutionNode = FALSE
	EndGlobalSection
	GlobalSection(ExtensibilityGlobals) = postSolution
		SolutionGuid = {44227115-0D3D-4C20-AB44-38A98B004EB2}
	EndGlobalSection
EndGlobal
